
Microsoft Visual Studio Solution File, Format Version 12.00
# Visual Studio Version 16
VisualStudioVersion = 16.0.31424.327
MinimumVisualStudioVersion = 10.0.40219.1
Project("{FAE04EC0-301F-11D3-BF4B-00C04F79EFBC}") = "CSVMaker", "CSVMaker.csproj", "{545BC9CC-B2DC-446E-BA8B-517F1BD27294}"
EndProject
Global
	GlobalSection(SolutionConfigurationPlatforms) = preSolution
		Debug|Any CPU = Debug|Any CPU
		Release|Any CPU = Release|Any CPU
	EndGlobalSection
	GlobalSection(ProjectConfigurationPlatforms) = postSolution
		{545BC9CC-B2DC-446E-BA8B-517F1BD27294}.Debug|Any CPU.ActiveCfg = Debug|Any CPU
		{545BC9CC-B2DC-446E-BA8B-517F1BD27294}.Debug|Any CPU.Build.0 = Debug|Any CPU
		{545BC9CC-B2DC-446E-BA8B-517F1BD27294}.Release|Any CPU.ActiveCfg = Release|Any CPU
		{545BC9CC-B2DC-446E-BA8B-517F1BD27294}.Release|Any CPU.Build.0 = Release|Any CPU
	EndGlobalSection
	GlobalSection(SolutionProperties) = preSolution
		HideSolutionNode = FALSE
	EndGlobalSection
	GlobalSection(ExtensibilityGlobals) = postSolution
		SolutionGuid = {C9182EAC-C600-4C57-80E3-F7A39C3BE113}
	EndGlobalSection
EndGlobal
